# THIS IS AN AUTOGENERATED FILE. DO NOT EDIT THIS FILE DIRECTLY.
# yarn lockfile v1


core-util-is@~1.0.0:
  version "1.0.2"
  resolved "https://registry.yarnpkg.com/core-util-is/-/core-util-is-1.0.2.tgz#b5fd54220aa2bc5ab57aab7140c940754503c1a7"

deep-equal@~0.1.0:
  version "0.1.2"
  resolved "https://registry.yarnpkg.com/deep-equal/-/deep-equal-0.1.2.tgz#b246c2b80a570a47c11be1d9bd1070ec878b87ce"

defined@0.0.0, defined@~0.0.0:
  version "0.0.0"
  resolved "https://registry.yarnpkg.com/defined/-/defined-0.0.0.tgz#f35eea7d705e933baf13b2f03b3f83d921403b3e"

duplexer@~0.1.1:
  version "0.1.1"
  resolved "https://registry.yarnpkg.com/duplexer/-/duplexer-0.1.1.tgz#ace6ff808c1ce66b57d1ebf97977acb02334cfc1"

faucet@0.0.1:
  version "0.0.1"
  resolved "https://registry.yarnpkg.com/faucet/-/faucet-0.0.1.tgz#597dcf1d2189a2c062321b591e8f151ed2039d9c"
  dependencies:
    defined "0.0.0"
    duplexer "~0.1.1"
    minimist "0.0.5"
    sprintf "~0.1.3"
    tap-parser "~0.4.0"
    tape "~2.3.2"
    through2 "~0.2.3"

inherits@~2.0.1:
  version "2.0.3"
  resolved "https://registry.yarnpkg.com/inherits/-/inherits-2.0.3.tgz#633c2c83e3da42a502f52466022480f4208261de"

isarray@0.0.1:
  version "0.0.1"
  resolved "https://registry.yarnpkg.com/isarray/-/isarray-0.0.1.tgz#8a18acfca9a8f4177e09abfc6038939b05d1eedf"

jsonify@~0.0.0:
  version "0.0.0"
  resolved "https://registry.yarnpkg.com/jsonify/-/jsonify-0.0.0.tgz#2c74b6ee41d93ca51b7b5aaee8f503631d252a73"

minimist@0.0.5:
  version "0.0.5"
  resolved "https://registry.yarnpkg.com/minimist/-/minimist-0.0.5.tgz#d7aa327bcecf518f9106ac6b8f003fa3bcea8566"

object-keys@~0.4.0:
  version "0.4.0"
  resolved "https://registry.yarnpkg.com/object-keys/-/object-keys-0.4.0.tgz#28a6aae7428dd2c3a92f3d95f21335dd204e0336"

os-tmpdir@~1.0.1:
  version "1.0.2"
  resolved "https://registry.yarnpkg.com/os-tmpdir/-/os-tmpdir-1.0.2.tgz#bbe67406c79aa85c5cfec766fe5734555dfa1274"

readable-stream@~1.1.11, readable-stream@~1.1.9:
  version "1.1.14"
  resolved "https://registry.yarnpkg.com/readable-stream/-/readable-stream-1.1.14.tgz#7cf4c54ef648e3813084c636dd2079e166c081d9"
  dependencies:
    core-util-is "~1.0.0"
    inherits "~2.0.1"
    isarray "0.0.1"
    string_decoder "~0.10.x"

readline-sync@^1.4.7:
  version "1.4.7"
  resolved "https://registry.yarnpkg.com/readline-sync/-/readline-sync-1.4.7.tgz#001bfdd4c06110c3c084c63bf7c6a56022213f30"

resumer@~0.0.0:
  version "0.0.0"
  resolved "https://registry.yarnpkg.com/resumer/-/resumer-0.0.0.tgz#f1e8f461e4064ba39e82af3cdc2a8c893d076759"
  dependencies:
    through "~2.3.4"

seedrandom@^2.4.2:
  version "2.4.3"
  resolved "https://registry.yarnpkg.com/seedrandom/-/seedrandom-2.4.3.tgz#2438504dad33917314bff18ac4d794f16d6aaecc"

sprintf-js@giann/sprintf.js:
  version "1.0.3"
  resolved "https://codeload.github.com/giann/sprintf.js/tar.gz/78f98d4f39ba27579992ea66cbf2b23265c796ba"

sprintf@~0.1.3:
  version "0.1.5"
  resolved "https://registry.yarnpkg.com/sprintf/-/sprintf-0.1.5.tgz#8f83e39a9317c1a502cb7db8050e51c679f6edcf"

strftime@^0.10.0:
  version "0.10.0"
  resolved "https://registry.yarnpkg.com/strftime/-/strftime-0.10.0.tgz#b3f0fa419295202a5a289f6d6be9f4909a617193"

string_decoder@~0.10.x:
  version "0.10.31"
  resolved "https://registry.yarnpkg.com/string_decoder/-/string_decoder-0.10.31.tgz#62e203bc41766c6c28c9fc84301dab1c5310fa94"

tap-parser@~0.4.0:
  version "0.4.3"
  resolved "https://registry.yarnpkg.com/tap-parser/-/tap-parser-0.4.3.tgz#a4eae190c10d76c7a111921ff38bbe4d58f09eea"
  dependencies:
    inherits "~2.0.1"
    readable-stream "~1.1.11"

tape@^2.0.1, tape@~2.3.2:
  version "2.3.3"
  resolved "https://registry.yarnpkg.com/tape/-/tape-2.3.3.tgz#2e7ce0a31df09f8d6851664a71842e0ca5057af7"
  dependencies:
    deep-equal "~0.1.0"
    defined "~0.0.0"
    inherits "~2.0.1"
    jsonify "~0.0.0"
    resumer "~0.0.0"
    through "~2.3.4"

through2@~0.2.3:
  version "0.2.3"
  resolved "https://registry.yarnpkg.com/through2/-/through2-0.2.3.tgz#eb3284da4ea311b6cc8ace3653748a52abf25a3f"
  dependencies:
    readable-stream "~1.1.9"
    xtend "~2.1.1"

through@~2.3.4:
  version "2.3.8"
  resolved "https://registry.yarnpkg.com/through/-/through-2.3.8.tgz#0dd4c9ffaabc357960b1b724115d7e0e86a2e1f5"

tmp@0.0.31:
  version "0.0.31"
  resolved "https://registry.yarnpkg.com/tmp/-/tmp-0.0.31.tgz#8f38ab9438e17315e5dbd8b3657e8bfb277ae4a7"
  dependencies:
    os-tmpdir "~1.0.1"

xtend@~2.1.1:
  version "2.1.2"
  resolved "https://registry.yarnpkg.com/xtend/-/xtend-2.1.2.tgz#6efecc2a4dad8e6962c4901b337ce7ba87b5d28b"
  dependencies:
    object-keys "~0.4.0"
